<?xml version="1.0" encoding="utf-8"?>
<Project ToolsVersion="4.0" xmlns="http://schemas.microsoft.com/developer/msbuild/2003">
  <ItemGroup>
    <Filter Include="Source Files">
      <UniqueIdentifier>{4FC737F1-C7A5-4376-A066-2A32D752A2FF}</UniqueIdentifier>
      <Extensions>cpp;c;cc;cxx;def;odl;idl;hpj;bat;asm;asmx</Extensions>
    </Filter>
    <Filter Include="Header Files">
      <UniqueIdentifier>{93995380-89BD-4b04-88EB-625FBE52EBFB}</UniqueIdentifier>
      <Extensions>h;hh;hpp;hxx;hm;inl;inc;xsd</Extensions>
    </Filter>
    <Filter Include="Resource Files">
      <UniqueIdentifier>{D9D6E242-F8AF-46E4-B9FD-80ECBC20BA3E}</UniqueIdentifier>
      <Extensions>qrc;*</Extensions>
      <ParseFiles>false</ParseFiles>
    </Filter>
    <Filter Include="Resource Files">
      <UniqueIdentifier>{D9D6E242-F8AF-46E4-B9FD-80ECBC20BA3E}</UniqueIdentifier>
      <Extensions>qrc;*</Extensions>
      <ParseFiles>false</ParseFiles>
    </Filter>
    <Filter Include="Generated Files">
      <UniqueIdentifier>{71ED8ED8-ACB9-4CE9-BBE1-E00B30144E11}</UniqueIdentifier>
      <Extensions>moc;h;cpp</Extensions>
      <SourceControlFiles>False</SourceControlFiles>
    </Filter>
    <Filter Include="SRC">
      <UniqueIdentifier>{070174d2-20ee-4798-aef4-76f95c285d26}</UniqueIdentifier>
    </Filter>
    <Filter Include="SRC\PLY">
      <UniqueIdentifier>{726cc445-6933-4898-81ad-2b8bd579bceb}</UniqueIdentifier>
    </Filter>
    <Filter Include="SRC\PLY\VCG">
      <UniqueIdentifier>{24092d08-8eb1-4880-9201-ca96af77ed4c}</UniqueIdentifier>
    </Filter>
    <Filter Include="Generated Files\Debug">
      <UniqueIdentifier>{b1c8f6e1-d574-484b-9f82-a066cf549013}</UniqueIdentifier>
      <Extensions>cpp;moc</Extensions>
      <SourceControlFiles>False</SourceControlFiles>
    </Filter>
    <Filter Include="Generated Files\Release">
      <UniqueIdentifier>{f5025bdd-3283-4e85-a15b-d699098682a4}</UniqueIdentifier>
      <Extensions>cpp;moc</Extensions>
      <SourceControlFiles>False</SourceControlFiles>
    </Filter>
    <Filter Include="SRC\GCO">
      <UniqueIdentifier>{2bea59a4-24c1-4b05-aa4a-96a7ea81013d}</UniqueIdentifier>
    </Filter>
    <Filter Include="SRC\Utility">
      <UniqueIdentifier>{85e85e07-7ff0-4d40-bc2d-07d0e7124205}</UniqueIdentifier>
    </Filter>
    <Filter Include="SRC\Tool">
      <UniqueIdentifier>{de565617-4423-4729-bfd8-0b5504e0f09d}</UniqueIdentifier>
    </Filter>
  </ItemGroup>
  <ItemGroup>
    <ClCompile Include="test.cpp">
      <Filter>Source Files</Filter>
    </ClCompile>
    <ClCompile Include="..\Src\PointCloudFit.cpp">
      <Filter>SRC</Filter>
    </ClCompile>
    <ClCompile Include="..\Src\MeshDoc.cpp">
      <Filter>SRC\PLY</Filter>
    </ClCompile>
    <ClCompile Include="..\Src\PointCloudFit_Cube.cpp">
      <Filter>SRC</Filter>
    </ClCompile>
    <ClCompile Include="..\Src\PointCloudFit_Cylinder.cpp">
      <Filter>SRC</Filter>
    </ClCompile>
    <ClCompile Include="..\Src\PointCloudFit_Plane.cpp">
      <Filter>SRC</Filter>
    </ClCompile>
    <ClCompile Include="..\Src\PointCloudFit_Preproc.cpp">
      <Filter>SRC</Filter>
    </ClCompile>
    <ClCompile Include="..\Src\vcglib\wrap\ply\plylib.cpp">
      <Filter>SRC\PLY\VCG</Filter>
    </ClCompile>
    <ClCompile Include="..\Src\PointCloudFitUtil_Cube.cpp">
      <Filter>SRC</Filter>
    </ClCompile>
    <ClCompile Include="..\Src\PointCloudFitUtil_Cylinder.cpp">
      <Filter>SRC</Filter>
    </ClCompile>
    <ClCompile Include="..\Src\PointCloudFitUtil_Plane.cpp">
      <Filter>SRC</Filter>
    </ClCompile>
    <ClCompile Include="..\Src\gco\GCoptimization.cpp">
      <Filter>SRC\GCO</Filter>
    </ClCompile>
    <ClCompile Include="..\Src\gco\LinkedBlockList.cpp">
      <Filter>SRC\GCO</Filter>
    </ClCompile>
    <ClCompile Include="..\Src\gco\graph.cpp">
      <Filter>SRC\GCO</Filter>
    </ClCompile>
    <ClCompile Include="..\Src\gco\maxflow.cpp">
      <Filter>SRC\GCO</Filter>
    </ClCompile>
    <ClCompile Include="..\Src\GeometryObject.cpp">
      <Filter>SRC</Filter>
    </ClCompile>
    <ClCompile Include="..\Src\utility\flog.cpp">
      <Filter>SRC\Utility</Filter>
    </ClCompile>
    <ClCompile Include="..\Src\utility\melody.cpp">
      <Filter>SRC\Utility</Filter>
    </ClCompile>
    <ClCompile Include="..\Src\tool\IOU.cpp">
      <Filter>SRC\Tool</Filter>
    </ClCompile>
    <ClCompile Include="..\Src\tool\PCA.cpp">
      <Filter>SRC\Tool</Filter>
    </ClCompile>
    <ClCompile Include="..\Src\PointCloudFitUtil_MMFGCO.cpp">
      <Filter>SRC</Filter>
    </ClCompile>
  </ItemGroup>
  <ItemGroup>
    <ClInclude Include="..\Src\PointCloudFit.h">
      <Filter>SRC</Filter>
    </ClInclude>
    <ClInclude Include="..\Src\vcglib\wrap\io_trimesh\export.h">
      <Filter>SRC\PLY\VCG</Filter>
    </ClInclude>
    <ClInclude Include="..\Src\vcglib\wrap\io_trimesh\import.h">
      <Filter>SRC\PLY\VCG</Filter>
    </ClInclude>
    <ClInclude Include="..\Src\vcglib\wrap\ply\plylib.h">
      <Filter>SRC\PLY\VCG</Filter>
    </ClInclude>
    <ClInclude Include="..\Src\PointCloudFitUtil.h">
      <Filter>SRC</Filter>
    </ClInclude>
    <ClInclude Include="..\Src\gco\GCoptimization.h">
      <Filter>SRC\GCO</Filter>
    </ClInclude>
    <ClInclude Include="..\Src\gco\LinkedBlockList.h">
      <Filter>SRC\GCO</Filter>
    </ClInclude>
    <ClInclude Include="..\Src\gco\energy.h">
      <Filter>SRC\GCO</Filter>
    </ClInclude>
    <ClInclude Include="..\Src\gco\graph.h">
      <Filter>SRC\GCO</Filter>
    </ClInclude>
    <ClInclude Include="..\Src\gco\block.h">
      <Filter>SRC\GCO</Filter>
    </ClInclude>
    <ClInclude Include="..\Src\GeometryObject.h">
      <Filter>SRC</Filter>
    </ClInclude>
    <ClInclude Include="..\Src\utility\flog.h">
      <Filter>SRC\Utility</Filter>
    </ClInclude>
    <ClInclude Include="..\Src\utility\melody.h">
      <Filter>SRC\Utility</Filter>
    </ClInclude>
    <ClInclude Include="..\Src\utility\melodyNotes.h">
      <Filter>SRC\Utility</Filter>
    </ClInclude>
    <ClInclude Include="..\Src\tool\IOU.h">
      <Filter>SRC\Tool</Filter>
    </ClInclude>
    <ClInclude Include="..\Src\tool\PCA.h">
      <Filter>SRC\Tool</Filter>
    </ClInclude>
  </ItemGroup>
  <ItemGroup>
    <CustomBuild Include="..\Src\MeshDoc.h">
      <Filter>SRC\PLY</Filter>
    </CustomBuild>
  </ItemGroup>
  <ItemGroup>
    <Text Include="..\Src\gco\GCO_README.TXT">
      <Filter>SRC\GCO</Filter>
    </Text>
  </ItemGroup>
</Project>